// !$*UTF8*$!
{
	archiveVersion = 1;
	classes = {
	};
	objectVersion = 46;
	objects = {

/* Begin PBXBuildFile section */
		0C68227E1F677F21006C64E5 /* main.m in Sources */ = {isa = PBXBuildFile; fileRef = 0C68227D1F677F21006C64E5 /* main.m */; };
		0C6822811F677F21006C64E5 /* AppDelegate.m in Sources */ = {isa = PBXBuildFile; fileRef = 0C6822801F677F21006C64E5 /* AppDelegate.m */; };
		0C6822841F677F21006C64E5 /* ViewController.m in Sources */ = {isa = PBXBuildFile; fileRef = 0C6822831F677F21006C64E5 /* ViewController.m */; };
		0C6822871F677F21006C64E5 /* Main.storyboard in Resources */ = {isa = PBXBuildFile; fileRef = 0C6822851F677F21006C64E5 /* Main.storyboard */; };
		0C6822891F677F21006C64E5 /* Assets.xcassets in Resources */ = {isa = PBXBuildFile; fileRef = 0C6822881F677F21006C64E5 /* Assets.xcassets */; };
		0C68228C1F677F21006C64E5 /* LaunchScreen.storyboard in Resources */ = {isa = PBXBuildFile; fileRef = 0C68228A1F677F21006C64E5 /* LaunchScreen.storyboard */; };
		0C6822971F677F21006C64E5 /* SnapShotObjectTests.m in Sources */ = {isa = PBXBuildFile; fileRef = 0C6822961F677F21006C64E5 /* SnapShotObjectTests.m */; };
		0C6822A21F677F21006C64E5 /* SnapShotObjectUITests.m in Sources */ = {isa = PBXBuildFile; fileRef = 0C6822A11F677F21006C64E5 /* SnapShotObjectUITests.m */; };
/* End PBXBuildFile section */

/* Begin PBXContainerItemProxy section */
		0C6822931F677F21006C64E5 /* PBXContainerItemProxy */ = {
			isa = PBXContainerItemProxy;
			containerPortal = 0C6822711F677F21006C64E5 /* Project object */;
			proxyType = 1;
			remoteGlobalIDString = 0C6822781F677F21006C64E5;
			remoteInfo = SnapShotObject;
		};
		0C68229E1F677F21006C64E5 /* PBXContainerItemProxy */ = {
			isa = PBXContainerItemProxy;
			containerPortal = 0C6822711F677F21006C64E5 /* Project object */;
			proxyType = 1;
			remoteGlobalIDString = 0C6822781F677F21006C64E5;
			remoteInfo = SnapShotObject;
		};
/* End PBXContainerItemProxy section */

/* Begin PBXFileReference section */
		0C6822791F677F21006C64E5 /* SnapShotObject.app */ = {isa = PBXFileReference; explicitFileType = wrapper.application; includeInIndex = 0; path = SnapShotObject.app; sourceTree = BUILT_PRODUCTS_DIR; };
		0C68227D1F677F21006C64E5 /* main.m */ = {isa = PBXFileReference; lastKnownFileType = sourcecode.c.objc; path = main.m; sourceTree = "<group>"; };
		0C68227F1F677F21006C64E5 /* AppDelegate.h */ = {isa = PBXFileReference; lastKnownFileType = sourcecode.c.h; path = AppDelegate.h; sourceTree = "<group>"; };
		0C6822801F677F21006C64E5 /* AppDelegate.m */ = {isa = PBXFileReference; lastKnownFileType = sourcecode.c.objc; path = AppDelegate.m; sourceTree = "<group>"; };
		0C6822821F677F21006C64E5 /* ViewController.h */ = {isa = PBXFileReference; lastKnownFileType = sourcecode.c.h; path = ViewController.h; sourceTree = "<group>"; };
		0C6822831F677F21006C64E5 /* ViewController.m */ = {isa = PBXFileReference; lastKnownFileType = sourcecode.c.objc; path = ViewController.m; sourceTree = "<group>"; };
		0C6822861F677F21006C64E5 /* Base */ = {isa = PBXFileReference; lastKnownFileType = file.storyboard; name = Base; path = Base.lproj/Main.storyboard; sourceTree = "<group>"; };
		0C6822881F677F21006C64E5 /* Assets.xcassets */ = {isa = PBXFileReference; lastKnownFileType = folder.assetcatalog; path = Assets.xcassets; sourceTree = "<group>"; };
		0C68228B1F677F21006C64E5 /* Base */ = {isa = PBXFileReference; lastKnownFileType = file.storyboard; name = Base; path = Base.lproj/LaunchScreen.storyboard; sourceTree = "<group>"; };
		0C68228D1F677F21006C64E5 /* Info.plist */ = {isa = PBXFileReference; lastKnownFileType = text.plist.xml; path = Info.plist; sourceTree = "<group>"; };
		0C6822921F677F21006C64E5 /* SnapShotObjectTests.xctest */ = {isa = PBXFileReference; explicitFileType = wrapper.cfbundle; includeInIndex = 0; path = SnapShotObjectTests.xctest; sourceTree = BUILT_PRODUCTS_DIR; };
		0C6822961F677F21006C64E5 /* SnapShotObjectTests.m */ = {isa = PBXFileReference; lastKnownFileType = sourcecode.c.objc; path = SnapShotObjectTests.m; sourceTree = "<group>"; };
		0C6822981F677F21006C64E5 /* Info.plist */ = {isa = PBXFileReference; lastKnownFileType = text.plist.xml; path = Info.plist; sourceTree = "<group>"; };
		0C68229D1F677F21006C64E5 /* SnapShotObjectUITests.xctest */ = {isa = PBXFileReference; explicitFileType = wrapper.cfbundle; includeInIndex = 0; path = SnapShotObjectUITests.xctest; sourceTree = BUILT_PRODUCTS_DIR; };
		0C6822A11F677F21006C64E5 /* SnapShotObjectUITests.m */ = {isa = PBXFileReference; lastKnownFileType = sourcecode.c.objc; path = SnapShotObjectUITests.m; sourceTree = "<group>"; };
		0C6822A31F677F21006C64E5 /* Info.plist */ = {isa = PBXFileReference; lastKnownFileType = text.plist.xml; path = Info.plist; sourceTree = "<group>"; };
/* End PBXFileReference section */

/* Begin PBXFrameworksBuildPhase section */
		0C6822761F677F21006C64E5 /* Frameworks */ = {
			isa = PBXFrameworksBuildPhase;
			buildActionMask = 2147483647;
			files = (
			);
			runOnlyForDeploymentPostprocessing = 0;
		};
		0C68228F1F677F21006C64E5 /* Frameworks */ = {
			isa = PBXFrameworksBuildPhase;
			buildActionMask = 2147483647;
			files = (
			);
			runOnlyForDeploymentPostprocessing = 0;
		};
		0C68229A1F677F21006C64E5 /* Frameworks */ = {
			isa = PBXFrameworksBuildPhase;
			buildActionMask = 2147483647;
			files = (
			);
			runOnlyForDeploymentPostprocessing = 0;
		};
/* End PBXFrameworksBuildPhase section */

/* Begin PBXGroup section */
		0C6822701F677F21006C64E5 = {
			isa = PBXGroup;
			children = (
				0C68227B1F677F21006C64E5 /* SnapShotObject */,
				0C6822951F677F21006C64E5 /* SnapShotObjectTests */,
				0C6822A01F677F21006C64E5 /* SnapShotObjectUITests */,
				0C68227A1F677F21006C64E5 /* Products */,
			);
			sourceTree = "<group>";
		};
		0C68227A1F677F21006C64E5 /* Products */ = {
			isa = PBXGroup;
			children = (
				0C6822791F677F21006C64E5 /* SnapShotObject.app */,
				0C6822921F677F21006C64E5 /* SnapShotObjectTests.xctest */,
				0C68229D1F677F21006C64E5 /* SnapShotObjectUITests.xctest */,
			);
			name = Products;
			sourceTree = "<group>";
		};
		0C68227B1F677F21006C64E5 /* SnapShotObject */ = {
			isa = PBXGroup;
			children = (
				0C68227F1F677F21006C64E5 /* AppDelegate.h */,
				0C6822801F677F21006C64E5 /* AppDelegate.m */,
				0C6822821F677F21006C64E5 /* ViewController.h */,
				0C6822831F677F21006C64E5 /* ViewController.m */,
				0C6822851F677F21006C64E5 /* Main.storyboard */,
				0C6822881F677F21006C64E5 /* Assets.xcassets */,
				0C68228A1F677F21006C64E5 /* LaunchScreen.storyboard */,
				0C68228D1F677F21006C64E5 /* Info.plist */,
				0C68227C1F677F21006C64E5 /* Supporting Files */,
			);
			path = SnapShotObject;
			sourceTree = "<group>";
		};
		0C68227C1F677F21006C64E5 /* Supporting Files */ = {
			isa = PBXGroup;
			children = (
				0C68227D1F677F21006C64E5 /* main.m */,
			);
			name = "Supporting Files";
			sourceTree = "<group>";
		};
		0C6822951F677F21006C64E5 /* SnapShotObjectTests */ = {
			isa = PBXGroup;
			children = (
				0C6822961F677F21006C64E5 /* SnapShotObjectTests.m */,
				0C6822981F677F21006C64E5 /* Info.plist */,
			);
			path = SnapShotObjectTests;
			sourceTree = "<group>";
		};
		0C6822A01F677F21006C64E5 /* SnapShotObjectUITests */ = {
			isa = PBXGroup;
			children = (
				0C6822A11F677F21006C64E5 /* SnapShotObjectUITests.m */,
				0C6822A31F677F21006C64E5 /* Info.plist */,
			);
			path = SnapShotObjectUITests;
			sourceTree = "<group>";
		};
/* End PBXGroup section */

/* Begin PBXNativeTarget section */
		0C6822781F677F21006C64E5 /* SnapShotObject */ = {
			isa = PBXNativeTarget;
			buildConfigurationList = 0C6822A61F677F21006C64E5 /* Build configuration list for PBXNativeTarget "SnapShotObject" */;
			buildPhases = (
				0C6822751F677F21006C64E5 /* Sources */,
				0C6822761F677F21006C64E5 /* Frameworks */,
				0C6822771F677F21006C64E5 /* Resources */,
			);
			buildRules = (
			);
			dependencies = (
			);
			name = SnapShotObject;
			productName = SnapShotObject;
			productReference = 0C6822791F677F21006C64E5 /* SnapShotObject.app */;
			productType = "com.apple.product-type.application";
		};
		0C6822911F677F21006C64E5 /* SnapShotObjectTests */ = {
			isa = PBXNativeTarget;
			buildConfigurationList = 0C6822A91F677F21006C64E5 /* Build configuration list for PBXNativeTarget "SnapShotObjectTests" */;
			buildPhases = (
				0C68228E1F677F21006C64E5 /* Sources */,
				0C68228F1F677F21006C64E5 /* Frameworks */,
				0C6822901F677F21006C64E5 /* Resources */,
			);
			buildRules = (
			);
			dependencies = (
				0C6822941F677F21006C64E5 /* PBXTargetDependency */,
			);
			name = SnapShotObjectTests;
			productName = SnapShotObjectTests;
			productReference = 0C6822921F677F21006C64E5 /* SnapShotObjectTests.xctest */;
			productType = "com.apple.product-type.bundle.unit-test";
		};
		0C68229C1F677F21006C64E5 /* SnapShotObjectUITests */ = {
			isa = PBXNativeTarget;
			buildConfigurationList = 0C6822AC1F677F21006C64E5 /* Build configuration list for PBXNativeTarget "SnapShotObjectUITests" */;
			buildPhases = (
				0C6822991F677F21006C64E5 /* Sources */,
				0C68229A1F677F21006C64E5 /* Frameworks */,
				0C68229B1F677F21006C64E5 /* Resources */,
			);
			buildRules = (
			);
			dependencies = (
				0C68229F1F677F21006C64E5 /* PBXTargetDependency */,
			);
			name = SnapShotObjectUITests;
			productName = SnapShotObjectUITests;
			productReference = 0C68229D1F677F21006C64E5 /* SnapShotObjectUITests.xctest */;
			productType = "com.apple.product-type.bundle.ui-testing";
		};
/* End PBXNativeTarget section */

/* Begin PBXProject section */
		0C6822711F677F21006C64E5 /* Project object */ = {
			isa = PBXProject;
			attributes = {
				LastUpgradeCheck = 0830;
				ORGANIZATIONNAME = zhaozhangjie;
				TargetAttributes = {
					0C6822781F677F21006C64E5 = {
						CreatedOnToolsVersion = 8.3.3;
						DevelopmentTeam = 84G3E2WEU3;
						ProvisioningStyle = Automatic;
					};
					0C6822911F677F21006C64E5 = {
						CreatedOnToolsVersion = 8.3.3;
						DevelopmentTeam = 84G3E2WEU3;
						ProvisioningStyle = Automatic;
						TestTargetID = 0C6822781F677F21006C64E5;
					};
					0C68229C1F677F21006C64E5 = {
						CreatedOnToolsVersion = 8.3.3;
						DevelopmentTeam = 84G3E2WEU3;
						ProvisioningStyle = Automatic;
						TestTargetID = 0C6822781F677F21006C64E5;
					};
				};
			};
			buildConfigurationList = 0C6822741F677F21006C64E5 /* Build configuration list for PBXProject "SnapShotObject" */;
			compatibilityVersion = "Xcode 3.2";
			developmentRegion = English;
			hasScannedForEncodings = 0;
			knownRegions = (
				en,
				Base,
			);
			mainGroup = 0C6822701F677F21006C64E5;
			productRefGroup = 0C68227A1F677F21006C64E5 /* Products */;
			projectDirPath = "";
			projectRoot = "";
			targets = (
				0C6822781F677F21006C64E5 /* SnapShotObject */,
				0C6822911F677F21006C64E5 /* SnapShotObjectTests */,
				0C68229C1F677F21006C64E5 /* SnapShotObjectUITests */,
			);
		};
/* End PBXProject section */

/* Begin PBXResourcesBuildPhase section */
		0C6822771F677F21006C64E5 /* Resources */ = {
			isa = PBXResourcesBuildPhase;
			buildActionMask = 2147483647;
			files = (
				0C68228C1F677F21006C64E5 /* LaunchScreen.storyboard in Resources */,
				0C6822891F677F21006C64E5 /* Assets.xcassets in Resources */,
				0C6822871F677F21006C64E5 /* Main.storyboard in Resources */,
			);
			runOnlyForDeploymentPostprocessing = 0;
		};
		0C6822901F677F21006C64E5 /* Resources */ = {
			isa = PBXResourcesBuildPhase;
			buildActionMask = 2147483647;
			files = (
			);
			runOnlyForDeploymentPostprocessing = 0;
		};
		0C68229B1F677F21006C64E5 /* Resources */ = {
			isa = PBXResourcesBuildPhase;
			buildActionMask = 2147483647;
			files = (
			);
			runOnlyForDeploymentPostprocessing = 0;
		};
/* End PBXResourcesBuildPhase section */

/* Begin PBXSourcesBuildPhase section */
		0C6822751F677F21006C64E5 /* Sources */ = {
			isa = PBXSourcesBuildPhase;
			buildActionMask = 2147483647;
			files = (
				0C6822841F677F21006C64E5 /* ViewController.m in Sources */,
				0C6822811F677F21006C64E5 /* AppDelegate.m in Sources */,
				0C68227E1F677F21006C64E5 /* main.m in Sources */,
			);
			runOnlyForDeploymentPostprocessing = 0;
		};
		0C68228E1F677F21006C64E5 /* Sources */ = {
			isa = PBXSourcesBuildPhase;
			buildActionMask = 2147483647;
			files = (
				0C6822971F677F21006C64E5 /* SnapShotObjectTests.m in Sources */,
			);
			runOnlyForDeploymentPostprocessing = 0;
		};
		0C6822991F677F21006C64E5 /* Sources */ = {
			isa = PBXSourcesBuildPhase;
			buildActionMask = 2147483647;
			files = (
				0C6822A21F677F21006C64E5 /* SnapShotObjectUITests.m in Sources */,
			);
			runOnlyForDeploymentPostprocessing = 0;
		};
/* End PBXSourcesBuildPhase section */

/* Begin PBXTargetDependency section */
		0C6822941F677F21006C64E5 /* PBXTargetDependency */ = {
			isa = PBXTargetDependency;
			target = 0C6822781F677F21006C64E5 /* SnapShotObject */;
			targetProxy = 0C6822931F677F21006C64E5 /* PBXContainerItemProxy */;
		};
		0C68229F1F677F21006C64E5 /* PBXTargetDependency */ = {
			isa = PBXTargetDependency;
			target = 0C6822781F677F21006C64E5 /* SnapShotObject */;
			targetProxy = 0C68229E1F677F21006C64E5 /* PBXContainerItemProxy */;
		};
/* End PBXTargetDependency section */

/* Begin PBXVariantGroup section */
		0C6822851F677F21006C64E5 /* Main.storyboard */ = {
			isa = PBXVariantGroup;
			children = (
				0C6822861F677F21006C64E5 /* Base */,
			);
			name = Main.storyboard;
			sourceTree = "<group>";
		};
		0C68228A1F677F21006C64E5 /* LaunchScreen.storyboard */ = {
			isa = PBXVariantGroup;
			children = (
				0C68228B1F677F21006C64E5 /* Base */,
			);
			name = LaunchScreen.storyboard;
			sourceTree = "<group>";
		};
/* End PBXVariantGroup section */

/* Begin XCBuildConfiguration section */
		0C6822A41F677F21006C64E5 /* Debug */ = {
			isa = XCBuildConfiguration;
			buildSettings = {
				ALWAYS_SEARCH_USER_PATHS = NO;
				CLANG_ANALYZER_NONNULL = YES;
				CLANG_ANALYZER_NUMBER_OBJECT_CONVERSION = YES_AGGRESSIVE;
				CLANG_CXX_LANGUAGE_STANDARD = "gnu++0x";
				CLANG_CXX_LIBRARY = "libc++";
				CLANG_ENABLE_MODULES = YES;
				CLANG_ENABLE_OBJC_ARC = YES;
				CLANG_WARN_BOOL_CONVERSION = YES;
				CLANG_WARN_CONSTANT_CONVERSION = YES;
				CLANG_WARN_DIRECT_OBJC_ISA_USAGE = YES_ERROR;
				CLANG_WARN_DOCUMENTATION_COMMENTS = YES;
				CLANG_WARN_EMPTY_BODY = YES;
				CLANG_WARN_ENUM_CONVERSION = YES;
				CLANG_WARN_INFINITE_RECURSION = YES;
				CLANG_WARN_INT_CONVERSION = YES;
				CLANG_WARN_OBJC_ROOT_CLASS = YES_ERROR;
				CLANG_WARN_SUSPICIOUS_MOVE = YES;
				CLANG_WARN_UNREACHABLE_CODE = YES;
				CLANG_WARN__DUPLICATE_METHOD_MATCH = YES;
				"CODE_SIGN_IDENTITY[sdk=iphoneos*]" = "iPhone Developer";
				COPY_PHASE_STRIP = NO;
				DEBUG_INFORMATION_FORMAT = dwarf;
				ENABLE_STRICT_OBJC_MSGSEND = YES;
				ENABLE_TESTABILITY = YES;
				GCC_C_LANGUAGE_STANDARD = gnu99;
				GCC_DYNAMIC_NO_PIC = NO;
				GCC_NO_COMMON_BLOCKS = YES;
				GCC_OPTIMIZATION_LEVEL = 0;
				GCC_PREPROCESSOR_DEFINITIONS = (
					"DEBUG=1",
					"$(inherited)",
				);
				GCC_WARN_64_TO_32_BIT_CONVERSION = YES;
				GCC_WARN_ABOUT_RETURN_TYPE = YES_ERROR;
				GCC_WARN_UNDECLARED_SELECTOR = YES;
				GCC_WARN_UNINITIALIZED_AUTOS = YES_AGGRESSIVE;
				GCC_WARN_UNUSED_FUNCTION = YES;
				GCC_WARN_UNUSED_VARIABLE = YES;
				IPHONEOS_DEPLOYMENT_TARGET = 10.3;
				MTL_ENABLE_DEBUG_INFO = YES;
				ONLY_ACTIVE_ARCH = YES;
				SDKROOT = iphoneos;
			};
			name = Debug;
		};
		0C6822A51F677F21006C64E5 /* Release */ = {
			isa = XCBuildConfiguration;
			buildSettings = {
				ALWAYS_SEARCH_USER_PATHS = NO;
				CLANG_ANALYZER_NONNULL = YES;
				CLANG_ANALYZER_NUMBER_OBJECT_CONVERSION = YES_AGGRESSIVE;
				CLANG_CXX_LANGUAGE_STANDARD = "gnu++0x";
				CLANG_CXX_LIBRARY = "libc++";
				CLANG_ENABLE_MODULES = YES;
				CLANG_ENABLE_OBJC_ARC = YES;
				CLANG_WARN_BOOL_CONVERSION = YES;
				CLANG_WARN_CONSTANT_CONVERSION = YES;
				CLANG_WARN_DIRECT_OBJC_ISA_USAGE = YES_ERROR;
				CLANG_WARN_DOCUMENTATION_COMMENTS = YES;
				CLANG_WARN_EMPTY_BODY = YES;
				CLANG_WARN_ENUM_CONVERSION = YES;
				CLANG_WARN_INFINITE_RECURSION = YES;
				CLANG_WARN_INT_CONVERSION = YES;
				CLANG_WARN_OBJC_ROOT_CLASS = YES_ERROR;
				CLANG_WARN_SUSPICIOUS_MOVE = YES;
				CLANG_WARN_UNREACHABLE_CODE = YES;
				CLANG_WARN__DUPLICATE_METHOD_MATCH = YES;
				"CODE_SIGN_IDENTITY[sdk=iphoneos*]" = "iPhone Developer";
				COPY_PHASE_STRIP = NO;
				DEBUG_INFORMATION_FORMAT = "dwarf-with-dsym";
				ENABLE_NS_ASSERTIONS = NO;
				ENABLE_STRICT_OBJC_MSGSEND = YES;
				GCC_C_LANGUAGE_STANDARD = gnu99;
				GCC_NO_COMMON_BLOCKS = YES;
				GCC_WARN_64_TO_32_BIT_CONVERSION = YES;
				GCC_WARN_ABOUT_RETURN_TYPE = YES_ERROR;
				GCC_WARN_UNDECLARED_SELECTOR = YES;
				GCC_WARN_UNINITIALIZED_AUTOS = YES_AGGRESSIVE;
				GCC_WARN_UNUSED_FUNCTION = YES;
				GCC_WARN_UNUSED_VARIABLE = YES;
				IPHONEOS_DEPLOYMENT_TARGET = 10.3;
				MTL_ENABLE_DEBUG_INFO = NO;
				SDKROOT = iphoneos;
				VALIDATE_PRODUCT = YES;
			};
			name = Release;
		};
		0C6822A71F677F21006C64E5 /* Debug */ = {
			isa = XCBuildConfiguration;
			buildSettings = {
				ASSETCATALOG_COMPILER_APPICON_NAME = AppIcon;
				DEVELOPMENT_TEAM = 84G3E2WEU3;
				INFOPLIST_FILE = SnapShotObject/Info.plist;
				LD_RUNPATH_SEARCH_PATHS = "$(inherited) @executable_path/Frameworks";
				PRODUCT_BUNDLE_IDENTIFIER = com.zhaozhangjie.SnapShotObject;
				PRODUCT_NAME = "$(TARGET_NAME)";
			};
			name = Debug;
		};
		0C6822A81F677F21006C64E5 /* Release */ = {
			isa = XCBuildConfiguration;
			buildSettings = {
				ASSETCATALOG_COMPILER_APPICON_NAME = AppIcon;
				DEVELOPMENT_TEAM = 84G3E2WEU3;
				INFOPLIST_FILE = SnapShotObject/Info.plist;
				LD_RUNPATH_SEARCH_PATHS = "$(inherited) @executable_path/Frameworks";
				PRODUCT_BUNDLE_IDENTIFIER = com.zhaozhangjie.SnapShotObject;
				PRODUCT_NAME = "$(TARGET_NAME)";
			};
			name = Release;
		};
		0C6822AA1F677F21006C64E5 /* Debug */ = {
			isa = XCBuildConfiguration;
			buildSettings = {
				BUNDLE_LOADER = "$(TEST_HOST)";
				DEVELOPMENT_TEAM = 84G3E2WEU3;
				INFOPLIST_FILE = SnapShotObjectTests/Info.plist;
				LD_RUNPATH_SEARCH_PATHS = "$(inherited) @executable_path/Frameworks @loader_path/Frameworks";
				PRODUCT_BUNDLE_IDENTIFIER = com.zhaozhangjie.SnapShotObjectTests;
				PRODUCT_NAME = "$(TARGET_NAME)";
				TEST_HOST = "$(BUILT_PRODUCTS_DIR)/SnapShotObject.app/SnapShotObject";
			};
			name = Debug;
		};
		0C6822AB1F677F21006C64E5 /* Release */ = {
			isa = XCBuildConfiguration;
			buildSettings = {
				BUNDLE_LOADER = "$(TEST_HOST)";
				DEVELOPMENT_TEAM = 84G3E2WEU3;
				INFOPLIST_FILE = SnapShotObjectTests/Info.plist;
				LD_RUNPATH_SEARCH_PATHS = "$(inherited) @executable_path/Frameworks @loader_path/Frameworks";
				PRODUCT_BUNDLE_IDENTIFIER = com.zhaozhangjie.SnapShotObjectTests;
				PRODUCT_NAME = "$(TARGET_NAME)";
				TEST_HOST = "$(BUILT_PRODUCTS_DIR)/SnapShotObject.app/SnapShotObject";
			};
			name = Release;
		};
		0C6822AD1F677F21006C64E5 /* Debug */ = {
			isa = XCBuildConfiguration;
			buildSettings = {
				DEVELOPMENT_TEAM = 84G3E2WEU3;
				INFOPLIST_FILE = SnapShotObjectUITests/Info.plist;
				LD_RUNPATH_SEARCH_PATHS = "$(inherited) @executable_path/Frameworks @loader_path/Frameworks";
				PRODUCT_BUNDLE_IDENTIFIER = com.zhaozhangjie.SnapShotObjectUITests;
				PRODUCT_NAME = "$(TARGET_NAME)";
				TEST_TARGET_NAME = SnapShotObject;
			};
			name = Debug;
		};
		0C6822AE1F677F21006C64E5 /* Release */ = {
			isa = XCBuildConfiguration;
			buildSettings = {
				DEVELOPMENT_TEAM = 84G3E2WEU3;
				INFOPLIST_FILE = SnapShotObjectUITests/Info.plist;
				LD_RUNPATH_SEARCH_PATHS = "$(inherited) @executable_path/Frameworks @loader_path/Frameworks";
				PRODUCT_BUNDLE_IDENTIFIER = com.zhaozhangjie.SnapShotObjectUITests;
				PRODUCT_NAME = "$(TARGET_NAME)";
				TEST_TARGET_NAME = SnapShotObject;
			};
			name = Release;
		};
/* End XCBuildConfiguration section */

/* Begin XCConfigurationList section */
		0C6822741F677F21006C64E5 /* Build configuration list for PBXProject "SnapShotObject" */ = {
			isa = XCConfigurationList;
			buildConfigurations = (
				0C6822A41F677F21006C64E5 /* Debug */,
				0C6822A51F677F21006C64E5 /* Release */,
			);
			defaultConfigurationIsVisible = 0;
			defaultConfigurationName = Release;
		};
		0C6822A61F677F21006C64E5 /* Build configuration list for PBXNativeTarget "SnapShotObject" */ = {
			isa = XCConfigurationList;
			buildConfigurations = (
				0C6822A71F677F21006C64E5 /* Debug */,
				0C6822A81F677F21006C64E5 /* Release */,
			);
			defaultConfigurationIsVisible = 0;
		};
		0C6822A91F677F21006C64E5 /* Build configuration list for PBXNativeTarget "SnapShotObjectTests" */ = {
			isa = XCConfigurationList;
			buildConfigurations = (
				0C6822AA1F677F21006C64E5 /* Debug */,
				0C6822AB1F677F21006C64E5 /* Release */,
			);
			defaultConfigurationIsVisible = 0;
		};
		0C6822AC1F677F21006C64E5 /* Build configuration list for PBXNativeTarget "SnapShotObjectUITests" */ = {
			isa = XCConfigurationList;
			buildConfigurations = (
				0C6822AD1F677F21006C64E5 /* Debug */,
				0C6822AE1F677F21006C64E5 /* Release */,
			);
			defaultConfigurationIsVisible = 0;
		};
/* End XCConfigurationList section */
	};
	rootObject = 0C6822711F677F21006C64E5 /* Project object */;
}
